
Microsoft Visual Studio Solution File, Format Version 12.00
# Visual Studio 15
Project("{FAE04EC0-301F-11D3-BF4B-00C04F79EFBC}") = "TowerDefencePro", "TowerDefencePro.csproj", "{EBC17C12-09C6-E22E-80F6-7DA55AC8AFB3}"
EndProject
Global
	GlobalSection(SolutionConfigurationPlatforms) = preSolution
		Debug|Any CPU = Debug|Any CPU
		Release|Any CPU = Release|Any CPU
	EndGlobalSection
	GlobalSection(ProjectConfigurationPlatforms) = postSolution
		{EBC17C12-09C6-E22E-80F6-7DA55AC8AFB3}.Debug|Any CPU.ActiveCfg = Debug|Any CPU
		{EBC17C12-09C6-E22E-80F6-7DA55AC8AFB3}.Debug|Any CPU.Build.0 = Debug|Any CPU
		{EBC17C12-09C6-E22E-80F6-7DA55AC8AFB3}.Release|Any CPU.ActiveCfg = Release|Any CPU
		{EBC17C12-09C6-E22E-80F6-7DA55AC8AFB3}.Release|Any CPU.Build.0 = Release|Any CPU
	EndGlobalSection
	GlobalSection(SolutionProperties) = preSolution
		HideSolutionNode = FALSE
	EndGlobalSection
EndGlobal
